// !$*UTF8*$!
{
	archiveVersion = 1;
	classes = {
	};
	objectVersion = 50;
	objects = {

/* Begin PBXBuildFile section */
		ACE0BD9822792B960078C081 /* AppDelegate.swift in Sources */ = {isa = PBXBuildFile; fileRef = ACE0BD9722792B960078C081 /* AppDelegate.swift */; };
		ACE0BD9F22792B980078C081 /* Assets.xcassets in Resources */ = {isa = PBXBuildFile; fileRef = ACE0BD9E22792B980078C081 /* Assets.xcassets */; };
		ACE0BDAD22792B990078C081 /* ScorePageAppTests.swift in Sources */ = {isa = PBXBuildFile; fileRef = ACE0BDAC22792B990078C081 /* ScorePageAppTests.swift */; };
		ACE0BDB822792B990078C081 /* ScorePageAppUITests.swift in Sources */ = {isa = PBXBuildFile; fileRef = ACE0BDB722792B990078C081 /* ScorePageAppUITests.swift */; };
		ACE0BDC622792CB60078C081 /* ScoresView.swift in Sources */ = {isa = PBXBuildFile; fileRef = ACE0BDC522792CB60078C081 /* ScoresView.swift */; };
		ACE0BDC822792E690078C081 /* ScoreCell.swift in Sources */ = {isa = PBXBuildFile; fileRef = ACE0BDC722792E690078C081 /* ScoreCell.swift */; };
		ACE0BDCA22792E840078C081 /* Event.swift in Sources */ = {isa = PBXBuildFile; fileRef = ACE0BDC922792E840078C081 /* Event.swift */; };
		ACE0BDCC22792EB10078C081 /* Team.swift in Sources */ = {isa = PBXBuildFile; fileRef = ACE0BDCB22792EB10078C081 /* Team.swift */; };
		ACE0BDCE227931B90078C081 /* BaseballEvent.swift in Sources */ = {isa = PBXBuildFile; fileRef = ACE0BDCD227931B90078C081 /* BaseballEvent.swift */; };
		ACE0BDD3227933020078C081 /* BaseballPresenter.swift in Sources */ = {isa = PBXBuildFile; fileRef = ACE0BDD2227933020078C081 /* BaseballPresenter.swift */; };
		ACE0BDD5227935300078C081 /* BasketballEvent.swift in Sources */ = {isa = PBXBuildFile; fileRef = ACE0BDD4227935300078C081 /* BasketballEvent.swift */; };
		ACE0BDD722793AA40078C081 /* ScoresViewController.swift in Sources */ = {isa = PBXBuildFile; fileRef = ACE0BDD622793AA40078C081 /* ScoresViewController.swift */; };
/* End PBXBuildFile section */

/* Begin PBXContainerItemProxy section */
		ACE0BDA922792B990078C081 /* PBXContainerItemProxy */ = {
			isa = PBXContainerItemProxy;
			containerPortal = ACE0BD8C22792B960078C081 /* Project object */;
			proxyType = 1;
			remoteGlobalIDString = ACE0BD9322792B960078C081;
			remoteInfo = ScorePageApp;
		};
		ACE0BDB422792B990078C081 /* PBXContainerItemProxy */ = {
			isa = PBXContainerItemProxy;
			containerPortal = ACE0BD8C22792B960078C081 /* Project object */;
			proxyType = 1;
			remoteGlobalIDString = ACE0BD9322792B960078C081;
			remoteInfo = ScorePageApp;
		};
/* End PBXContainerItemProxy section */

/* Begin PBXFileReference section */
		ACE0BD9422792B960078C081 /* ScorePageApp.app */ = {isa = PBXFileReference; explicitFileType = wrapper.application; includeInIndex = 0; path = ScorePageApp.app; sourceTree = BUILT_PRODUCTS_DIR; };
		ACE0BD9722792B960078C081 /* AppDelegate.swift */ = {isa = PBXFileReference; lastKnownFileType = sourcecode.swift; path = AppDelegate.swift; sourceTree = "<group>"; };
		ACE0BD9E22792B980078C081 /* Assets.xcassets */ = {isa = PBXFileReference; lastKnownFileType = folder.assetcatalog; path = Assets.xcassets; sourceTree = "<group>"; };
		ACE0BDA322792B980078C081 /* Info.plist */ = {isa = PBXFileReference; lastKnownFileType = text.plist.xml; path = Info.plist; sourceTree = "<group>"; };
		ACE0BDA822792B990078C081 /* ScorePageAppTests.xctest */ = {isa = PBXFileReference; explicitFileType = wrapper.cfbundle; includeInIndex = 0; path = ScorePageAppTests.xctest; sourceTree = BUILT_PRODUCTS_DIR; };
		ACE0BDAC22792B990078C081 /* ScorePageAppTests.swift */ = {isa = PBXFileReference; lastKnownFileType = sourcecode.swift; path = ScorePageAppTests.swift; sourceTree = "<group>"; };
		ACE0BDAE22792B990078C081 /* Info.plist */ = {isa = PBXFileReference; lastKnownFileType = text.plist.xml; path = Info.plist; sourceTree = "<group>"; };
		ACE0BDB322792B990078C081 /* ScorePageAppUITests.xctest */ = {isa = PBXFileReference; explicitFileType = wrapper.cfbundle; includeInIndex = 0; path = ScorePageAppUITests.xctest; sourceTree = BUILT_PRODUCTS_DIR; };
		ACE0BDB722792B990078C081 /* ScorePageAppUITests.swift */ = {isa = PBXFileReference; lastKnownFileType = sourcecode.swift; path = ScorePageAppUITests.swift; sourceTree = "<group>"; };
		ACE0BDB922792B990078C081 /* Info.plist */ = {isa = PBXFileReference; lastKnownFileType = text.plist.xml; path = Info.plist; sourceTree = "<group>"; };
		ACE0BDC522792CB60078C081 /* ScoresView.swift */ = {isa = PBXFileReference; lastKnownFileType = sourcecode.swift; path = ScoresView.swift; sourceTree = "<group>"; };
		ACE0BDC722792E690078C081 /* ScoreCell.swift */ = {isa = PBXFileReference; lastKnownFileType = sourcecode.swift; path = ScoreCell.swift; sourceTree = "<group>"; };
		ACE0BDC922792E840078C081 /* Event.swift */ = {isa = PBXFileReference; lastKnownFileType = sourcecode.swift; path = Event.swift; sourceTree = "<group>"; };
		ACE0BDCB22792EB10078C081 /* Team.swift */ = {isa = PBXFileReference; lastKnownFileType = sourcecode.swift; path = Team.swift; sourceTree = "<group>"; };
		ACE0BDCD227931B90078C081 /* BaseballEvent.swift */ = {isa = PBXFileReference; lastKnownFileType = sourcecode.swift; path = BaseballEvent.swift; sourceTree = "<group>"; };
		ACE0BDD2227933020078C081 /* BaseballPresenter.swift */ = {isa = PBXFileReference; lastKnownFileType = sourcecode.swift; path = BaseballPresenter.swift; sourceTree = "<group>"; };
		ACE0BDD4227935300078C081 /* BasketballEvent.swift */ = {isa = PBXFileReference; lastKnownFileType = sourcecode.swift; path = BasketballEvent.swift; sourceTree = "<group>"; };
		ACE0BDD622793AA40078C081 /* ScoresViewController.swift */ = {isa = PBXFileReference; lastKnownFileType = sourcecode.swift; path = ScoresViewController.swift; sourceTree = "<group>"; };
/* End PBXFileReference section */

/* Begin PBXFrameworksBuildPhase section */
		ACE0BD9122792B960078C081 /* Frameworks */ = {
			isa = PBXFrameworksBuildPhase;
			buildActionMask = 2147483647;
			files = (
			);
			runOnlyForDeploymentPostprocessing = 0;
		};
		ACE0BDA522792B990078C081 /* Frameworks */ = {
			isa = PBXFrameworksBuildPhase;
			buildActionMask = 2147483647;
			files = (
			);
			runOnlyForDeploymentPostprocessing = 0;
		};
		ACE0BDB022792B990078C081 /* Frameworks */ = {
			isa = PBXFrameworksBuildPhase;
			buildActionMask = 2147483647;
			files = (
			);
			runOnlyForDeploymentPostprocessing = 0;
		};
/* End PBXFrameworksBuildPhase section */

/* Begin PBXGroup section */
		ACE0BD8B22792B960078C081 = {
			isa = PBXGroup;
			children = (
				ACE0BD9622792B960078C081 /* ScorePageApp */,
				ACE0BDAB22792B990078C081 /* ScorePageAppTests */,
				ACE0BDB622792B990078C081 /* ScorePageAppUITests */,
				ACE0BD9522792B960078C081 /* Products */,
			);
			sourceTree = "<group>";
		};
		ACE0BD9522792B960078C081 /* Products */ = {
			isa = PBXGroup;
			children = (
				ACE0BD9422792B960078C081 /* ScorePageApp.app */,
				ACE0BDA822792B990078C081 /* ScorePageAppTests.xctest */,
				ACE0BDB322792B990078C081 /* ScorePageAppUITests.xctest */,
			);
			name = Products;
			sourceTree = "<group>";
		};
		ACE0BD9622792B960078C081 /* ScorePageApp */ = {
			isa = PBXGroup;
			children = (
				ACE0BD9722792B960078C081 /* AppDelegate.swift */,
				ACE0BDD0227931EA0078C081 /* View */,
				ACE0BDD1227932DC0078C081 /* Presenter */,
				ACE0BDCF227931DC0078C081 /* Model */,
				ACE0BD9E22792B980078C081 /* Assets.xcassets */,
				ACE0BDA322792B980078C081 /* Info.plist */,
			);
			path = ScorePageApp;
			sourceTree = "<group>";
		};
		ACE0BDAB22792B990078C081 /* ScorePageAppTests */ = {
			isa = PBXGroup;
			children = (
				ACE0BDAC22792B990078C081 /* ScorePageAppTests.swift */,
				ACE0BDAE22792B990078C081 /* Info.plist */,
			);
			path = ScorePageAppTests;
			sourceTree = "<group>";
		};
		ACE0BDB622792B990078C081 /* ScorePageAppUITests */ = {
			isa = PBXGroup;
			children = (
				ACE0BDB722792B990078C081 /* ScorePageAppUITests.swift */,
				ACE0BDB922792B990078C081 /* Info.plist */,
			);
			path = ScorePageAppUITests;
			sourceTree = "<group>";
		};
		ACE0BDCF227931DC0078C081 /* Model */ = {
			isa = PBXGroup;
			children = (
				ACE0BDC922792E840078C081 /* Event.swift */,
				ACE0BDCB22792EB10078C081 /* Team.swift */,
				ACE0BDCD227931B90078C081 /* BaseballEvent.swift */,
				ACE0BDD4227935300078C081 /* BasketballEvent.swift */,
			);
			path = Model;
			sourceTree = "<group>";
		};
		ACE0BDD0227931EA0078C081 /* View */ = {
			isa = PBXGroup;
			children = (
				ACE0BDD622793AA40078C081 /* ScoresViewController.swift */,
				ACE0BDC522792CB60078C081 /* ScoresView.swift */,
				ACE0BDC722792E690078C081 /* ScoreCell.swift */,
			);
			path = View;
			sourceTree = "<group>";
		};
		ACE0BDD1227932DC0078C081 /* Presenter */ = {
			isa = PBXGroup;
			children = (
				ACE0BDD2227933020078C081 /* BaseballPresenter.swift */,
			);
			path = Presenter;
			sourceTree = "<group>";
		};
/* End PBXGroup section */

/* Begin PBXNativeTarget section */
		ACE0BD9322792B960078C081 /* ScorePageApp */ = {
			isa = PBXNativeTarget;
			buildConfigurationList = ACE0BDBC22792B990078C081 /* Build configuration list for PBXNativeTarget "ScorePageApp" */;
			buildPhases = (
				ACE0BD9022792B960078C081 /* Sources */,
				ACE0BD9122792B960078C081 /* Frameworks */,
				ACE0BD9222792B960078C081 /* Resources */,
			);
			buildRules = (
			);
			dependencies = (
			);
			name = ScorePageApp;
			productName = ScorePageApp;
			productReference = ACE0BD9422792B960078C081 /* ScorePageApp.app */;
			productType = "com.apple.product-type.application";
		};
		ACE0BDA722792B990078C081 /* ScorePageAppTests */ = {
			isa = PBXNativeTarget;
			buildConfigurationList = ACE0BDBF22792B990078C081 /* Build configuration list for PBXNativeTarget "ScorePageAppTests" */;
			buildPhases = (
				ACE0BDA422792B990078C081 /* Sources */,
				ACE0BDA522792B990078C081 /* Frameworks */,
				ACE0BDA622792B990078C081 /* Resources */,
			);
			buildRules = (
			);
			dependencies = (
				ACE0BDAA22792B990078C081 /* PBXTargetDependency */,
			);
			name = ScorePageAppTests;
			productName = ScorePageAppTests;
			productReference = ACE0BDA822792B990078C081 /* ScorePageAppTests.xctest */;
			productType = "com.apple.product-type.bundle.unit-test";
		};
		ACE0BDB222792B990078C081 /* ScorePageAppUITests */ = {
			isa = PBXNativeTarget;
			buildConfigurationList = ACE0BDC222792B990078C081 /* Build configuration list for PBXNativeTarget "ScorePageAppUITests" */;
			buildPhases = (
				ACE0BDAF22792B990078C081 /* Sources */,
				ACE0BDB022792B990078C081 /* Frameworks */,
				ACE0BDB122792B990078C081 /* Resources */,
			);
			buildRules = (
			);
			dependencies = (
				ACE0BDB522792B990078C081 /* PBXTargetDependency */,
			);
			name = ScorePageAppUITests;
			productName = ScorePageAppUITests;
			productReference = ACE0BDB322792B990078C081 /* ScorePageAppUITests.xctest */;
			productType = "com.apple.product-type.bundle.ui-testing";
		};
/* End PBXNativeTarget section */

/* Begin PBXProject section */
		ACE0BD8C22792B960078C081 /* Project object */ = {
			isa = PBXProject;
			attributes = {
				LastSwiftUpdateCheck = 1020;
				LastUpgradeCheck = 1020;
				ORGANIZATIONNAME = "Sam Lambert";
				TargetAttributes = {
					ACE0BD9322792B960078C081 = {
						CreatedOnToolsVersion = 10.2.1;
					};
					ACE0BDA722792B990078C081 = {
						CreatedOnToolsVersion = 10.2.1;
						TestTargetID = ACE0BD9322792B960078C081;
					};
					ACE0BDB222792B990078C081 = {
						CreatedOnToolsVersion = 10.2.1;
						TestTargetID = ACE0BD9322792B960078C081;
					};
				};
			};
			buildConfigurationList = ACE0BD8F22792B960078C081 /* Build configuration list for PBXProject "ScorePageApp" */;
			compatibilityVersion = "Xcode 9.3";
			developmentRegion = en;
			hasScannedForEncodings = 0;
			knownRegions = (
				en,
				Base,
			);
			mainGroup = ACE0BD8B22792B960078C081;
			productRefGroup = ACE0BD9522792B960078C081 /* Products */;
			projectDirPath = "";
			projectRoot = "";
			targets = (
				ACE0BD9322792B960078C081 /* ScorePageApp */,
				ACE0BDA722792B990078C081 /* ScorePageAppTests */,
				ACE0BDB222792B990078C081 /* ScorePageAppUITests */,
			);
		};
/* End PBXProject section */

/* Begin PBXResourcesBuildPhase section */
		ACE0BD9222792B960078C081 /* Resources */ = {
			isa = PBXResourcesBuildPhase;
			buildActionMask = 2147483647;
			files = (
				ACE0BD9F22792B980078C081 /* Assets.xcassets in Resources */,
			);
			runOnlyForDeploymentPostprocessing = 0;
		};
		ACE0BDA622792B990078C081 /* Resources */ = {
			isa = PBXResourcesBuildPhase;
			buildActionMask = 2147483647;
			files = (
			);
			runOnlyForDeploymentPostprocessing = 0;
		};
		ACE0BDB122792B990078C081 /* Resources */ = {
			isa = PBXResourcesBuildPhase;
			buildActionMask = 2147483647;
			files = (
			);
			runOnlyForDeploymentPostprocessing = 0;
		};
/* End PBXResourcesBuildPhase section */

/* Begin PBXSourcesBuildPhase section */
		ACE0BD9022792B960078C081 /* Sources */ = {
			isa = PBXSourcesBuildPhase;
			buildActionMask = 2147483647;
			files = (
				ACE0BDD3227933020078C081 /* BaseballPresenter.swift in Sources */,
				ACE0BDCE227931B90078C081 /* BaseballEvent.swift in Sources */,
				ACE0BDCC22792EB10078C081 /* Team.swift in Sources */,
				ACE0BDD5227935300078C081 /* BasketballEvent.swift in Sources */,
				ACE0BDD722793AA40078C081 /* ScoresViewController.swift in Sources */,
				ACE0BDC622792CB60078C081 /* ScoresView.swift in Sources */,
				ACE0BDC822792E690078C081 /* ScoreCell.swift in Sources */,
				ACE0BD9822792B960078C081 /* AppDelegate.swift in Sources */,
				ACE0BDCA22792E840078C081 /* Event.swift in Sources */,
			);
			runOnlyForDeploymentPostprocessing = 0;
		};
		ACE0BDA422792B990078C081 /* Sources */ = {
			isa = PBXSourcesBuildPhase;
			buildActionMask = 2147483647;
			files = (
				ACE0BDAD22792B990078C081 /* ScorePageAppTests.swift in Sources */,
			);
			runOnlyForDeploymentPostprocessing = 0;
		};
		ACE0BDAF22792B990078C081 /* Sources */ = {
			isa = PBXSourcesBuildPhase;
			buildActionMask = 2147483647;
			files = (
				ACE0BDB822792B990078C081 /* ScorePageAppUITests.swift in Sources */,
			);
			runOnlyForDeploymentPostprocessing = 0;
		};
/* End PBXSourcesBuildPhase section */

/* Begin PBXTargetDependency section */
		ACE0BDAA22792B990078C081 /* PBXTargetDependency */ = {
			isa = PBXTargetDependency;
			target = ACE0BD9322792B960078C081 /* ScorePageApp */;
			targetProxy = ACE0BDA922792B990078C081 /* PBXContainerItemProxy */;
		};
		ACE0BDB522792B990078C081 /* PBXTargetDependency */ = {
			isa = PBXTargetDependency;
			target = ACE0BD9322792B960078C081 /* ScorePageApp */;
			targetProxy = ACE0BDB422792B990078C081 /* PBXContainerItemProxy */;
		};
/* End PBXTargetDependency section */

/* Begin XCBuildConfiguration section */
		ACE0BDBA22792B990078C081 /* Debug */ = {
			isa = XCBuildConfiguration;
			buildSettings = {
				ALWAYS_SEARCH_USER_PATHS = NO;
				CLANG_ANALYZER_NONNULL = YES;
				CLANG_ANALYZER_NUMBER_OBJECT_CONVERSION = YES_AGGRESSIVE;
				CLANG_CXX_LANGUAGE_STANDARD = "gnu++14";
				CLANG_CXX_LIBRARY = "libc++";
				CLANG_ENABLE_MODULES = YES;
				CLANG_ENABLE_OBJC_ARC = YES;
				CLANG_ENABLE_OBJC_WEAK = YES;
				CLANG_WARN_BLOCK_CAPTURE_AUTORELEASING = YES;
				CLANG_WARN_BOOL_CONVERSION = YES;
				CLANG_WARN_COMMA = YES;
				CLANG_WARN_CONSTANT_CONVERSION = YES;
				CLANG_WARN_DEPRECATED_OBJC_IMPLEMENTATIONS = YES;
				CLANG_WARN_DIRECT_OBJC_ISA_USAGE = YES_ERROR;
				CLANG_WARN_DOCUMENTATION_COMMENTS = YES;
				CLANG_WARN_EMPTY_BODY = YES;
				CLANG_WARN_ENUM_CONVERSION = YES;
				CLANG_WARN_INFINITE_RECURSION = YES;
				CLANG_WARN_INT_CONVERSION = YES;
				CLANG_WARN_NON_LITERAL_NULL_CONVERSION = YES;
				CLANG_WARN_OBJC_IMPLICIT_RETAIN_SELF = YES;
				CLANG_WARN_OBJC_LITERAL_CONVERSION = YES;
				CLANG_WARN_OBJC_ROOT_CLASS = YES_ERROR;
				CLANG_WARN_RANGE_LOOP_ANALYSIS = YES;
				CLANG_WARN_STRICT_PROTOTYPES = YES;
				CLANG_WARN_SUSPICIOUS_MOVE = YES;
				CLANG_WARN_UNGUARDED_AVAILABILITY = YES_AGGRESSIVE;
				CLANG_WARN_UNREACHABLE_CODE = YES;
				CLANG_WARN__DUPLICATE_METHOD_MATCH = YES;
				CODE_SIGN_IDENTITY = "iPhone Developer";
				COPY_PHASE_STRIP = NO;
				DEBUG_INFORMATION_FORMAT = dwarf;
				ENABLE_STRICT_OBJC_MSGSEND = YES;
				ENABLE_TESTABILITY = YES;
				GCC_C_LANGUAGE_STANDARD = gnu11;
				GCC_DYNAMIC_NO_PIC = NO;
				GCC_NO_COMMON_BLOCKS = YES;
				GCC_OPTIMIZATION_LEVEL = 0;
				GCC_PREPROCESSOR_DEFINITIONS = (
					"DEBUG=1",
					"$(inherited)",
				);
				GCC_WARN_64_TO_32_BIT_CONVERSION = YES;
				GCC_WARN_ABOUT_RETURN_TYPE = YES_ERROR;
				GCC_WARN_UNDECLARED_SELECTOR = YES;
				GCC_WARN_UNINITIALIZED_AUTOS = YES_AGGRESSIVE;
				GCC_WARN_UNUSED_FUNCTION = YES;
				GCC_WARN_UNUSED_VARIABLE = YES;
				IPHONEOS_DEPLOYMENT_TARGET = 12.2;
				MTL_ENABLE_DEBUG_INFO = INCLUDE_SOURCE;
				MTL_FAST_MATH = YES;
				ONLY_ACTIVE_ARCH = YES;
				SDKROOT = iphoneos;
				SWIFT_ACTIVE_COMPILATION_CONDITIONS = DEBUG;
				SWIFT_OPTIMIZATION_LEVEL = "-Onone";
			};
			name = Debug;
		};
		ACE0BDBB22792B990078C081 /* Release */ = {
			isa = XCBuildConfiguration;
			buildSettings = {
				ALWAYS_SEARCH_USER_PATHS = NO;
				CLANG_ANALYZER_NONNULL = YES;
				CLANG_ANALYZER_NUMBER_OBJECT_CONVERSION = YES_AGGRESSIVE;
				CLANG_CXX_LANGUAGE_STANDARD = "gnu++14";
				CLANG_CXX_LIBRARY = "libc++";
				CLANG_ENABLE_MODULES = YES;
				CLANG_ENABLE_OBJC_ARC = YES;
				CLANG_ENABLE_OBJC_WEAK = YES;
				CLANG_WARN_BLOCK_CAPTURE_AUTORELEASING = YES;
				CLANG_WARN_BOOL_CONVERSION = YES;
				CLANG_WARN_COMMA = YES;
				CLANG_WARN_CONSTANT_CONVERSION = YES;
				CLANG_WARN_DEPRECATED_OBJC_IMPLEMENTATIONS = YES;
				CLANG_WARN_DIRECT_OBJC_ISA_USAGE = YES_ERROR;
				CLANG_WARN_DOCUMENTATION_COMMENTS = YES;
				CLANG_WARN_EMPTY_BODY = YES;
				CLANG_WARN_ENUM_CONVERSION = YES;
				CLANG_WARN_INFINITE_RECURSION = YES;
				CLANG_WARN_INT_CONVERSION = YES;
				CLANG_WARN_NON_LITERAL_NULL_CONVERSION = YES;
				CLANG_WARN_OBJC_IMPLICIT_RETAIN_SELF = YES;
				CLANG_WARN_OBJC_LITERAL_CONVERSION = YES;
				CLANG_WARN_OBJC_ROOT_CLASS = YES_ERROR;
				CLANG_WARN_RANGE_LOOP_ANALYSIS = YES;
				CLANG_WARN_STRICT_PROTOTYPES = YES;
				CLANG_WARN_SUSPICIOUS_MOVE = YES;
				CLANG_WARN_UNGUARDED_AVAILABILITY = YES_AGGRESSIVE;
				CLANG_WARN_UNREACHABLE_CODE = YES;
				CLANG_WARN__DUPLICATE_METHOD_MATCH = YES;
				CODE_SIGN_IDENTITY = "iPhone Developer";
				COPY_PHASE_STRIP = NO;
				DEBUG_INFORMATION_FORMAT = "dwarf-with-dsym";
				ENABLE_NS_ASSERTIONS = NO;
				ENABLE_STRICT_OBJC_MSGSEND = YES;
				GCC_C_LANGUAGE_STANDARD = gnu11;
				GCC_NO_COMMON_BLOCKS = YES;
				GCC_WARN_64_TO_32_BIT_CONVERSION = YES;
				GCC_WARN_ABOUT_RETURN_TYPE = YES_ERROR;
				GCC_WARN_UNDECLARED_SELECTOR = YES;
				GCC_WARN_UNINITIALIZED_AUTOS = YES_AGGRESSIVE;
				GCC_WARN_UNUSED_FUNCTION = YES;
				GCC_WARN_UNUSED_VARIABLE = YES;
				IPHONEOS_DEPLOYMENT_TARGET = 12.2;
				MTL_ENABLE_DEBUG_INFO = NO;
				MTL_FAST_MATH = YES;
				SDKROOT = iphoneos;
				SWIFT_COMPILATION_MODE = wholemodule;
				SWIFT_OPTIMIZATION_LEVEL = "-O";
				VALIDATE_PRODUCT = YES;
			};
			name = Release;
		};
		ACE0BDBD22792B990078C081 /* Debug */ = {
			isa = XCBuildConfiguration;
			buildSettings = {
				ASSETCATALOG_COMPILER_APPICON_NAME = AppIcon;
				CODE_SIGN_STYLE = Automatic;
				DEVELOPMENT_TEAM = R6W75B57H5;
				INFOPLIST_FILE = ScorePageApp/Info.plist;
				LD_RUNPATH_SEARCH_PATHS = (
					"$(inherited)",
					"@executable_path/Frameworks",
				);
				PRODUCT_BUNDLE_IDENTIFIER = lambert.sam.ScorePageApp;
				PRODUCT_NAME = "$(TARGET_NAME)";
				SWIFT_VERSION = 5.0;
				TARGETED_DEVICE_FAMILY = "1,2";
			};
			name = Debug;
		};
		ACE0BDBE22792B990078C081 /* Release */ = {
			isa = XCBuildConfiguration;
			buildSettings = {
				ASSETCATALOG_COMPILER_APPICON_NAME = AppIcon;
				CODE_SIGN_STYLE = Automatic;
				DEVELOPMENT_TEAM = R6W75B57H5;
				INFOPLIST_FILE = ScorePageApp/Info.plist;
				LD_RUNPATH_SEARCH_PATHS = (
					"$(inherited)",
					"@executable_path/Frameworks",
				);
				PRODUCT_BUNDLE_IDENTIFIER = lambert.sam.ScorePageApp;
				PRODUCT_NAME = "$(TARGET_NAME)";
				SWIFT_VERSION = 5.0;
				TARGETED_DEVICE_FAMILY = "1,2";
			};
			name = Release;
		};
		ACE0BDC022792B990078C081 /* Debug */ = {
			isa = XCBuildConfiguration;
			buildSettings = {
				ALWAYS_EMBED_SWIFT_STANDARD_LIBRARIES = YES;
				BUNDLE_LOADER = "$(TEST_HOST)";
				CODE_SIGN_STYLE = Automatic;
				DEVELOPMENT_TEAM = R6W75B57H5;
				INFOPLIST_FILE = ScorePageAppTests/Info.plist;
				LD_RUNPATH_SEARCH_PATHS = (
					"$(inherited)",
					"@executable_path/Frameworks",
					"@loader_path/Frameworks",
				);
				PRODUCT_BUNDLE_IDENTIFIER = lambert.sam.ScorePageAppTests;
				PRODUCT_NAME = "$(TARGET_NAME)";
				SWIFT_VERSION = 5.0;
				TARGETED_DEVICE_FAMILY = "1,2";
				TEST_HOST = "$(BUILT_PRODUCTS_DIR)/ScorePageApp.app/ScorePageApp";
			};
			name = Debug;
		};
		ACE0BDC122792B990078C081 /* Release */ = {
			isa = XCBuildConfiguration;
			buildSettings = {
				ALWAYS_EMBED_SWIFT_STANDARD_LIBRARIES = YES;
				BUNDLE_LOADER = "$(TEST_HOST)";
				CODE_SIGN_STYLE = Automatic;
				DEVELOPMENT_TEAM = R6W75B57H5;
				INFOPLIST_FILE = ScorePageAppTests/Info.plist;
				LD_RUNPATH_SEARCH_PATHS = (
					"$(inherited)",
					"@executable_path/Frameworks",
					"@loader_path/Frameworks",
				);
				PRODUCT_BUNDLE_IDENTIFIER = lambert.sam.ScorePageAppTests;
				PRODUCT_NAME = "$(TARGET_NAME)";
				SWIFT_VERSION = 5.0;
				TARGETED_DEVICE_FAMILY = "1,2";
				TEST_HOST = "$(BUILT_PRODUCTS_DIR)/ScorePageApp.app/ScorePageApp";
			};
			name = Release;
		};
		ACE0BDC322792B990078C081 /* Debug */ = {
			isa = XCBuildConfiguration;
			buildSettings = {
				ALWAYS_EMBED_SWIFT_STANDARD_LIBRARIES = YES;
				CODE_SIGN_STYLE = Automatic;
				DEVELOPMENT_TEAM = R6W75B57H5;
				INFOPLIST_FILE = ScorePageAppUITests/Info.plist;
				LD_RUNPATH_SEARCH_PATHS = (
					"$(inherited)",
					"@executable_path/Frameworks",
					"@loader_path/Frameworks",
				);
				PRODUCT_BUNDLE_IDENTIFIER = lambert.sam.ScorePageAppUITests;
				PRODUCT_NAME = "$(TARGET_NAME)";
				SWIFT_VERSION = 5.0;
				TARGETED_DEVICE_FAMILY = "1,2";
				TEST_TARGET_NAME = ScorePageApp;
			};
			name = Debug;
		};
		ACE0BDC422792B990078C081 /* Release */ = {
			isa = XCBuildConfiguration;
			buildSettings = {
				ALWAYS_EMBED_SWIFT_STANDARD_LIBRARIES = YES;
				CODE_SIGN_STYLE = Automatic;
				DEVELOPMENT_TEAM = R6W75B57H5;
				INFOPLIST_FILE = ScorePageAppUITests/Info.plist;
				LD_RUNPATH_SEARCH_PATHS = (
					"$(inherited)",
					"@executable_path/Frameworks",
					"@loader_path/Frameworks",
				);
				PRODUCT_BUNDLE_IDENTIFIER = lambert.sam.ScorePageAppUITests;
				PRODUCT_NAME = "$(TARGET_NAME)";
				SWIFT_VERSION = 5.0;
				TARGETED_DEVICE_FAMILY = "1,2";
				TEST_TARGET_NAME = ScorePageApp;
			};
			name = Release;
		};
/* End XCBuildConfiguration section */

/* Begin XCConfigurationList section */
		ACE0BD8F22792B960078C081 /* Build configuration list for PBXProject "ScorePageApp" */ = {
			isa = XCConfigurationList;
			buildConfigurations = (
				ACE0BDBA22792B990078C081 /* Debug */,
				ACE0BDBB22792B990078C081 /* Release */,
			);
			defaultConfigurationIsVisible = 0;
			defaultConfigurationName = Release;
		};
		ACE0BDBC22792B990078C081 /* Build configuration list for PBXNativeTarget "ScorePageApp" */ = {
			isa = XCConfigurationList;
			buildConfigurations = (
				ACE0BDBD22792B990078C081 /* Debug */,
				ACE0BDBE22792B990078C081 /* Release */,
			);
			defaultConfigurationIsVisible = 0;
			defaultConfigurationName = Release;
		};
		ACE0BDBF22792B990078C081 /* Build configuration list for PBXNativeTarget "ScorePageAppTests" */ = {
			isa = XCConfigurationList;
			buildConfigurations = (
				ACE0BDC022792B990078C081 /* Debug */,
				ACE0BDC122792B990078C081 /* Release */,
			);
			defaultConfigurationIsVisible = 0;
			defaultConfigurationName = Release;
		};
		ACE0BDC222792B990078C081 /* Build configuration list for PBXNativeTarget "ScorePageAppUITests" */ = {
			isa = XCConfigurationList;
			buildConfigurations = (
				ACE0BDC322792B990078C081 /* Debug */,
				ACE0BDC422792B990078C081 /* Release */,
			);
			defaultConfigurationIsVisible = 0;
			defaultConfigurationName = Release;
		};
/* End XCConfigurationList section */
	};
	rootObject = ACE0BD8C22792B960078C081 /* Project object */;
}
